// !$*UTF8*$!
{
	archiveVersion = 1;
	classes = {
	};
	objectVersion = 50;
	objects = {

/* Begin PBXBuildFile section */
		32156911218B4A2D000BDF40 /* A.m in Sources */ = {isa = PBXBuildFile; fileRef = 32156910218B4A2D000BDF40 /* A.m */; };
		32156914218B4D42000BDF40 /* B.m in Sources */ = {isa = PBXBuildFile; fileRef = 32156913218B4D42000BDF40 /* B.m */; };
		4C4EEB0A219563D100262050 /* Mother.m in Sources */ = {isa = PBXBuildFile; fileRef = 4C4EEB09219563D100262050 /* Mother.m */; };
		4C4EEB0D219563DC00262050 /* Book.m in Sources */ = {isa = PBXBuildFile; fileRef = 4C4EEB0C219563DC00262050 /* Book.m */; };
		4C4EEB102195668100262050 /* Newspaper.m in Sources */ = {isa = PBXBuildFile; fileRef = 4C4EEB0F2195668100262050 /* Newspaper.m */; };
		4C790AC221846A2300C0ACF4 /* main.m in Sources */ = {isa = PBXBuildFile; fileRef = 4C790AC121846A2300C0ACF4 /* main.m */; };
		4C790ACA21846AAD00C0ACF4 /* Animal.m in Sources */ = {isa = PBXBuildFile; fileRef = 4C790AC921846AAD00C0ACF4 /* Animal.m */; };
		4C790ACD21846EA900C0ACF4 /* Herbivore.m in Sources */ = {isa = PBXBuildFile; fileRef = 4C790ACC21846EA900C0ACF4 /* Herbivore.m */; };
		4C790AD021846EB500C0ACF4 /* Carnivore.m in Sources */ = {isa = PBXBuildFile; fileRef = 4C790ACF21846EB500C0ACF4 /* Carnivore.m */; };
		4CBF74E321991E5C00FD911F /* EmployeeModel.m in Sources */ = {isa = PBXBuildFile; fileRef = 4CBF74E221991E5C00FD911F /* EmployeeModel.m */; };
		4CBF74E621991EAB00FD911F /* SubEmployeeModel.m in Sources */ = {isa = PBXBuildFile; fileRef = 4CBF74E521991EAB00FD911F /* SubEmployeeModel.m */; };
		4CBF74E921991F9200FD911F /* SubCompany.m in Sources */ = {isa = PBXBuildFile; fileRef = 4CBF74E821991F9200FD911F /* SubCompany.m */; };
		4CBF74EC21991F9B00FD911F /* Company.m in Sources */ = {isa = PBXBuildFile; fileRef = 4CBF74EB21991F9B00FD911F /* Company.m */; };
		4CD4C8DE2196852600710739 /* ClassA.m in Sources */ = {isa = PBXBuildFile; fileRef = 4CD4C8DD2196852600710739 /* ClassA.m */; };
		4CD4C8E12196853200710739 /* ClassB.m in Sources */ = {isa = PBXBuildFile; fileRef = 4CD4C8E02196853200710739 /* ClassB.m */; };
		4CD4C8E42196854D00710739 /* ClassC.m in Sources */ = {isa = PBXBuildFile; fileRef = 4CD4C8E32196854D00710739 /* ClassC.m */; };
		4CD4C8E72196855600710739 /* ClassD.m in Sources */ = {isa = PBXBuildFile; fileRef = 4CD4C8E62196855600710739 /* ClassD.m */; };
/* End PBXBuildFile section */

/* Begin PBXCopyFilesBuildPhase section */
		4C790ABC21846A2300C0ACF4 /* CopyFiles */ = {
			isa = PBXCopyFilesBuildPhase;
			buildActionMask = 2147483647;
			dstPath = /usr/share/man/man1/;
			dstSubfolderSpec = 0;
			files = (
			);
			runOnlyForDeploymentPostprocessing = 1;
		};
/* End PBXCopyFilesBuildPhase section */

/* Begin PBXFileReference section */
		3215690F218B4A2D000BDF40 /* A.h */ = {isa = PBXFileReference; lastKnownFileType = sourcecode.c.h; path = A.h; sourceTree = "<group>"; };
		32156910218B4A2D000BDF40 /* A.m */ = {isa = PBXFileReference; lastKnownFileType = sourcecode.c.objc; path = A.m; sourceTree = "<group>"; };
		32156912218B4D42000BDF40 /* B.h */ = {isa = PBXFileReference; lastKnownFileType = sourcecode.c.h; path = B.h; sourceTree = "<group>"; };
		32156913218B4D42000BDF40 /* B.m */ = {isa = PBXFileReference; lastKnownFileType = sourcecode.c.objc; path = B.m; sourceTree = "<group>"; };
		4C4EEB08219563D100262050 /* Mother.h */ = {isa = PBXFileReference; lastKnownFileType = sourcecode.c.h; path = Mother.h; sourceTree = "<group>"; };
		4C4EEB09219563D100262050 /* Mother.m */ = {isa = PBXFileReference; lastKnownFileType = sourcecode.c.objc; path = Mother.m; sourceTree = "<group>"; };
		4C4EEB0B219563DC00262050 /* Book.h */ = {isa = PBXFileReference; lastKnownFileType = sourcecode.c.h; path = Book.h; sourceTree = "<group>"; };
		4C4EEB0C219563DC00262050 /* Book.m */ = {isa = PBXFileReference; lastKnownFileType = sourcecode.c.objc; path = Book.m; sourceTree = "<group>"; };
		4C4EEB0E2195668100262050 /* Newspaper.h */ = {isa = PBXFileReference; lastKnownFileType = sourcecode.c.h; path = Newspaper.h; sourceTree = "<group>"; };
		4C4EEB0F2195668100262050 /* Newspaper.m */ = {isa = PBXFileReference; lastKnownFileType = sourcecode.c.objc; path = Newspaper.m; sourceTree = "<group>"; };
		4C4EEB1121956AD300262050 /* IReaderProtocol.h */ = {isa = PBXFileReference; lastKnownFileType = sourcecode.c.h; path = IReaderProtocol.h; sourceTree = "<group>"; };
		4C790ABE21846A2300C0ACF4 /* DesignPatterns */ = {isa = PBXFileReference; explicitFileType = "compiled.mach-o.executable"; includeInIndex = 0; path = DesignPatterns; sourceTree = BUILT_PRODUCTS_DIR; };
		4C790AC121846A2300C0ACF4 /* main.m */ = {isa = PBXFileReference; lastKnownFileType = sourcecode.c.objc; path = main.m; sourceTree = "<group>"; };
		4C790AC821846AAD00C0ACF4 /* Animal.h */ = {isa = PBXFileReference; lastKnownFileType = sourcecode.c.h; path = Animal.h; sourceTree = "<group>"; };
		4C790AC921846AAD00C0ACF4 /* Animal.m */ = {isa = PBXFileReference; lastKnownFileType = sourcecode.c.objc; path = Animal.m; sourceTree = "<group>"; };
		4C790ACB21846EA900C0ACF4 /* Herbivore.h */ = {isa = PBXFileReference; lastKnownFileType = sourcecode.c.h; path = Herbivore.h; sourceTree = "<group>"; };
		4C790ACC21846EA900C0ACF4 /* Herbivore.m */ = {isa = PBXFileReference; lastKnownFileType = sourcecode.c.objc; path = Herbivore.m; sourceTree = "<group>"; };
		4C790ACE21846EB500C0ACF4 /* Carnivore.h */ = {isa = PBXFileReference; lastKnownFileType = sourcecode.c.h; path = Carnivore.h; sourceTree = "<group>"; };
		4C790ACF21846EB500C0ACF4 /* Carnivore.m */ = {isa = PBXFileReference; lastKnownFileType = sourcecode.c.objc; path = Carnivore.m; sourceTree = "<group>"; };
		4CBF74E121991E5C00FD911F /* EmployeeModel.h */ = {isa = PBXFileReference; lastKnownFileType = sourcecode.c.h; path = EmployeeModel.h; sourceTree = "<group>"; };
		4CBF74E221991E5C00FD911F /* EmployeeModel.m */ = {isa = PBXFileReference; lastKnownFileType = sourcecode.c.objc; path = EmployeeModel.m; sourceTree = "<group>"; };
		4CBF74E421991EAB00FD911F /* SubEmployeeModel.h */ = {isa = PBXFileReference; lastKnownFileType = sourcecode.c.h; path = SubEmployeeModel.h; sourceTree = "<group>"; };
		4CBF74E521991EAB00FD911F /* SubEmployeeModel.m */ = {isa = PBXFileReference; lastKnownFileType = sourcecode.c.objc; path = SubEmployeeModel.m; sourceTree = "<group>"; };
		4CBF74E721991F9200FD911F /* SubCompany.h */ = {isa = PBXFileReference; lastKnownFileType = sourcecode.c.h; path = SubCompany.h; sourceTree = "<group>"; };
		4CBF74E821991F9200FD911F /* SubCompany.m */ = {isa = PBXFileReference; lastKnownFileType = sourcecode.c.objc; path = SubCompany.m; sourceTree = "<group>"; };
		4CBF74EA21991F9B00FD911F /* Company.h */ = {isa = PBXFileReference; lastKnownFileType = sourcecode.c.h; path = Company.h; sourceTree = "<group>"; };
		4CBF74EB21991F9B00FD911F /* Company.m */ = {isa = PBXFileReference; lastKnownFileType = sourcecode.c.objc; path = Company.m; sourceTree = "<group>"; };
		4CD4C8DB219684C300710739 /* InterfaceH.h */ = {isa = PBXFileReference; lastKnownFileType = sourcecode.c.h; path = InterfaceH.h; sourceTree = "<group>"; };
		4CD4C8DC2196852600710739 /* ClassA.h */ = {isa = PBXFileReference; lastKnownFileType = sourcecode.c.h; path = ClassA.h; sourceTree = "<group>"; };
		4CD4C8DD2196852600710739 /* ClassA.m */ = {isa = PBXFileReference; lastKnownFileType = sourcecode.c.objc; path = ClassA.m; sourceTree = "<group>"; };
		4CD4C8DF2196853200710739 /* ClassB.h */ = {isa = PBXFileReference; lastKnownFileType = sourcecode.c.h; path = ClassB.h; sourceTree = "<group>"; };
		4CD4C8E02196853200710739 /* ClassB.m */ = {isa = PBXFileReference; lastKnownFileType = sourcecode.c.objc; path = ClassB.m; sourceTree = "<group>"; };
		4CD4C8E22196854D00710739 /* ClassC.h */ = {isa = PBXFileReference; lastKnownFileType = sourcecode.c.h; path = ClassC.h; sourceTree = "<group>"; };
		4CD4C8E32196854D00710739 /* ClassC.m */ = {isa = PBXFileReference; lastKnownFileType = sourcecode.c.objc; path = ClassC.m; sourceTree = "<group>"; };
		4CD4C8E52196855600710739 /* ClassD.h */ = {isa = PBXFileReference; lastKnownFileType = sourcecode.c.h; path = ClassD.h; sourceTree = "<group>"; };
		4CD4C8E62196855600710739 /* ClassD.m */ = {isa = PBXFileReference; lastKnownFileType = sourcecode.c.objc; path = ClassD.m; sourceTree = "<group>"; };
/* End PBXFileReference section */

/* Begin PBXFrameworksBuildPhase section */
		4C790ABB21846A2300C0ACF4 /* Frameworks */ = {
			isa = PBXFrameworksBuildPhase;
			buildActionMask = 2147483647;
			files = (
			);
			runOnlyForDeploymentPostprocessing = 0;
		};
/* End PBXFrameworksBuildPhase section */

/* Begin PBXGroup section */
		4C790AB521846A2300C0ACF4 = {
			isa = PBXGroup;
			children = (
				4C790AC021846A2300C0ACF4 /* DesignPatterns */,
				4C790ABF21846A2300C0ACF4 /* Products */,
			);
			sourceTree = "<group>";
		};
		4C790ABF21846A2300C0ACF4 /* Products */ = {
			isa = PBXGroup;
			children = (
				4C790ABE21846A2300C0ACF4 /* DesignPatterns */,
			);
			name = Products;
			sourceTree = "<group>";
		};
		4C790AC021846A2300C0ACF4 /* DesignPatterns */ = {
			isa = PBXGroup;
			children = (
				4C790AC121846A2300C0ACF4 /* main.m */,
				4CBF74E021991E2600FD911F /* LOD(迪米特法则) */,
				4CD4C8E82196857B00710739 /* ISP(接口隔离) */,
				4CD4C8D8219683F600710739 /* SRP(单一职责) */,
				4CD4C8D92196840400710739 /* DIP(依赖倒置) */,
				4CD4C8DA2196842B00710739 /* LSP(里氏替换) */,
			);
			path = DesignPatterns;
			sourceTree = "<group>";
		};
		4CBF74E021991E2600FD911F /* LOD(迪米特法则) */ = {
			isa = PBXGroup;
			children = (
				4CBF74E121991E5C00FD911F /* EmployeeModel.h */,
				4CBF74E221991E5C00FD911F /* EmployeeModel.m */,
				4CBF74E421991EAB00FD911F /* SubEmployeeModel.h */,
				4CBF74E521991EAB00FD911F /* SubEmployeeModel.m */,
				4CBF74E721991F9200FD911F /* SubCompany.h */,
				4CBF74E821991F9200FD911F /* SubCompany.m */,
				4CBF74EA21991F9B00FD911F /* Company.h */,
				4CBF74EB21991F9B00FD911F /* Company.m */,
			);
			path = "LOD(迪米特法则)";
			sourceTree = "<group>";
		};
		4CD4C8D8219683F600710739 /* SRP(单一职责) */ = {
			isa = PBXGroup;
			children = (
				4C790AC821846AAD00C0ACF4 /* Animal.h */,
				4C790AC921846AAD00C0ACF4 /* Animal.m */,
				4C790ACB21846EA900C0ACF4 /* Herbivore.h */,
				4C790ACC21846EA900C0ACF4 /* Herbivore.m */,
				4C790ACE21846EB500C0ACF4 /* Carnivore.h */,
				4C790ACF21846EB500C0ACF4 /* Carnivore.m */,
			);
			path = "SRP(单一职责)";
			sourceTree = "<group>";
		};
		4CD4C8D92196840400710739 /* DIP(依赖倒置) */ = {
			isa = PBXGroup;
			children = (
				4C4EEB08219563D100262050 /* Mother.h */,
				4C4EEB09219563D100262050 /* Mother.m */,
				4C4EEB0B219563DC00262050 /* Book.h */,
				4C4EEB0C219563DC00262050 /* Book.m */,
				4C4EEB0E2195668100262050 /* Newspaper.h */,
				4C4EEB0F2195668100262050 /* Newspaper.m */,
				4C4EEB1121956AD300262050 /* IReaderProtocol.h */,
			);
			path = "DIP(依赖倒置)";
			sourceTree = "<group>";
		};
		4CD4C8DA2196842B00710739 /* LSP(里氏替换) */ = {
			isa = PBXGroup;
			children = (
				3215690F218B4A2D000BDF40 /* A.h */,
				32156910218B4A2D000BDF40 /* A.m */,
				32156912218B4D42000BDF40 /* B.h */,
				32156913218B4D42000BDF40 /* B.m */,
			);
			path = "LSP(里氏替换)";
			sourceTree = "<group>";
		};
		4CD4C8E82196857B00710739 /* ISP(接口隔离) */ = {
			isa = PBXGroup;
			children = (
				4CD4C8DB219684C300710739 /* InterfaceH.h */,
				4CD4C8DC2196852600710739 /* ClassA.h */,
				4CD4C8DD2196852600710739 /* ClassA.m */,
				4CD4C8DF2196853200710739 /* ClassB.h */,
				4CD4C8E02196853200710739 /* ClassB.m */,
				4CD4C8E22196854D00710739 /* ClassC.h */,
				4CD4C8E32196854D00710739 /* ClassC.m */,
				4CD4C8E52196855600710739 /* ClassD.h */,
				4CD4C8E62196855600710739 /* ClassD.m */,
			);
			path = "ISP(接口隔离)";
			sourceTree = "<group>";
		};
/* End PBXGroup section */

/* Begin PBXNativeTarget section */
		4C790ABD21846A2300C0ACF4 /* DesignPatterns */ = {
			isa = PBXNativeTarget;
			buildConfigurationList = 4C790AC521846A2300C0ACF4 /* Build configuration list for PBXNativeTarget "DesignPatterns" */;
			buildPhases = (
				4C790ABA21846A2300C0ACF4 /* Sources */,
				4C790ABB21846A2300C0ACF4 /* Frameworks */,
				4C790ABC21846A2300C0ACF4 /* CopyFiles */,
			);
			buildRules = (
			);
			dependencies = (
			);
			name = DesignPatterns;
			productName = DesignPatterns;
			productReference = 4C790ABE21846A2300C0ACF4 /* DesignPatterns */;
			productType = "com.apple.product-type.tool";
		};
/* End PBXNativeTarget section */

/* Begin PBXProject section */
		4C790AB621846A2300C0ACF4 /* Project object */ = {
			isa = PBXProject;
			attributes = {
				LastUpgradeCheck = 1000;
				ORGANIZATIONNAME = michael;
				TargetAttributes = {
					4C790ABD21846A2300C0ACF4 = {
						CreatedOnToolsVersion = 10.0;
					};
				};
			};
			buildConfigurationList = 4C790AB921846A2300C0ACF4 /* Build configuration list for PBXProject "DesignPatterns" */;
			compatibilityVersion = "Xcode 9.3";
			developmentRegion = en;
			hasScannedForEncodings = 0;
			knownRegions = (
				en,
			);
			mainGroup = 4C790AB521846A2300C0ACF4;
			productRefGroup = 4C790ABF21846A2300C0ACF4 /* Products */;
			projectDirPath = "";
			projectRoot = "";
			targets = (
				4C790ABD21846A2300C0ACF4 /* DesignPatterns */,
			);
		};
/* End PBXProject section */

/* Begin PBXSourcesBuildPhase section */
		4C790ABA21846A2300C0ACF4 /* Sources */ = {
			isa = PBXSourcesBuildPhase;
			buildActionMask = 2147483647;
			files = (
				32156914218B4D42000BDF40 /* B.m in Sources */,
				4CBF74E321991E5C00FD911F /* EmployeeModel.m in Sources */,
				32156911218B4A2D000BDF40 /* A.m in Sources */,
				4C790AC221846A2300C0ACF4 /* main.m in Sources */,
				4C790ACD21846EA900C0ACF4 /* Herbivore.m in Sources */,
				4CBF74E621991EAB00FD911F /* SubEmployeeModel.m in Sources */,
				4CBF74EC21991F9B00FD911F /* Company.m in Sources */,
				4C790ACA21846AAD00C0ACF4 /* Animal.m in Sources */,
				4C790AD021846EB500C0ACF4 /* Carnivore.m in Sources */,
				4CBF74E921991F9200FD911F /* SubCompany.m in Sources */,
				4CD4C8DE2196852600710739 /* ClassA.m in Sources */,
				4C4EEB0D219563DC00262050 /* Book.m in Sources */,
				4CD4C8E42196854D00710739 /* ClassC.m in Sources */,
				4CD4C8E72196855600710739 /* ClassD.m in Sources */,
				4C4EEB0A219563D100262050 /* Mother.m in Sources */,
				4CD4C8E12196853200710739 /* ClassB.m in Sources */,
				4C4EEB102195668100262050 /* Newspaper.m in Sources */,
			);
			runOnlyForDeploymentPostprocessing = 0;
		};
/* End PBXSourcesBuildPhase section */

/* Begin XCBuildConfiguration section */
		4C790AC321846A2300C0ACF4 /* Debug */ = {
			isa = XCBuildConfiguration;
			buildSettings = {
				ALWAYS_SEARCH_USER_PATHS = NO;
				CLANG_ANALYZER_NONNULL = YES;
				CLANG_ANALYZER_NUMBER_OBJECT_CONVERSION = YES_AGGRESSIVE;
				CLANG_CXX_LANGUAGE_STANDARD = "gnu++14";
				CLANG_CXX_LIBRARY = "libc++";
				CLANG_ENABLE_MODULES = YES;
				CLANG_ENABLE_OBJC_ARC = YES;
				CLANG_ENABLE_OBJC_WEAK = YES;
				CLANG_WARN_BLOCK_CAPTURE_AUTORELEASING = YES;
				CLANG_WARN_BOOL_CONVERSION = YES;
				CLANG_WARN_COMMA = YES;
				CLANG_WARN_CONSTANT_CONVERSION = YES;
				CLANG_WARN_DEPRECATED_OBJC_IMPLEMENTATIONS = YES;
				CLANG_WARN_DIRECT_OBJC_ISA_USAGE = YES_ERROR;
				CLANG_WARN_DOCUMENTATION_COMMENTS = YES;
				CLANG_WARN_EMPTY_BODY = YES;
				CLANG_WARN_ENUM_CONVERSION = YES;
				CLANG_WARN_INFINITE_RECURSION = YES;
				CLANG_WARN_INT_CONVERSION = YES;
				CLANG_WARN_NON_LITERAL_NULL_CONVERSION = YES;
				CLANG_WARN_OBJC_IMPLICIT_RETAIN_SELF = YES;
				CLANG_WARN_OBJC_LITERAL_CONVERSION = YES;
				CLANG_WARN_OBJC_ROOT_CLASS = YES_ERROR;
				CLANG_WARN_RANGE_LOOP_ANALYSIS = YES;
				CLANG_WARN_STRICT_PROTOTYPES = YES;
				CLANG_WARN_SUSPICIOUS_MOVE = YES;
				CLANG_WARN_UNGUARDED_AVAILABILITY = YES_AGGRESSIVE;
				CLANG_WARN_UNREACHABLE_CODE = YES;
				CLANG_WARN__DUPLICATE_METHOD_MATCH = YES;
				CODE_SIGN_IDENTITY = "-";
				COPY_PHASE_STRIP = NO;
				DEBUG_INFORMATION_FORMAT = dwarf;
				ENABLE_STRICT_OBJC_MSGSEND = YES;
				ENABLE_TESTABILITY = YES;
				GCC_C_LANGUAGE_STANDARD = gnu11;
				GCC_DYNAMIC_NO_PIC = NO;
				GCC_NO_COMMON_BLOCKS = YES;
				GCC_OPTIMIZATION_LEVEL = 0;
				GCC_PREPROCESSOR_DEFINITIONS = (
					"DEBUG=1",
					"$(inherited)",
				);
				GCC_WARN_64_TO_32_BIT_CONVERSION = YES;
				GCC_WARN_ABOUT_RETURN_TYPE = YES_ERROR;
				GCC_WARN_UNDECLARED_SELECTOR = YES;
				GCC_WARN_UNINITIALIZED_AUTOS = YES_AGGRESSIVE;
				GCC_WARN_UNUSED_FUNCTION = YES;
				GCC_WARN_UNUSED_VARIABLE = YES;
				MACOSX_DEPLOYMENT_TARGET = 10.14;
				MTL_ENABLE_DEBUG_INFO = INCLUDE_SOURCE;
				MTL_FAST_MATH = YES;
				ONLY_ACTIVE_ARCH = YES;
				SDKROOT = macosx;
			};
			name = Debug;
		};
		4C790AC421846A2300C0ACF4 /* Release */ = {
			isa = XCBuildConfiguration;
			buildSettings = {
				ALWAYS_SEARCH_USER_PATHS = NO;
				CLANG_ANALYZER_NONNULL = YES;
				CLANG_ANALYZER_NUMBER_OBJECT_CONVERSION = YES_AGGRESSIVE;
				CLANG_CXX_LANGUAGE_STANDARD = "gnu++14";
				CLANG_CXX_LIBRARY = "libc++";
				CLANG_ENABLE_MODULES = YES;
				CLANG_ENABLE_OBJC_ARC = YES;
				CLANG_ENABLE_OBJC_WEAK = YES;
				CLANG_WARN_BLOCK_CAPTURE_AUTORELEASING = YES;
				CLANG_WARN_BOOL_CONVERSION = YES;
				CLANG_WARN_COMMA = YES;
				CLANG_WARN_CONSTANT_CONVERSION = YES;
				CLANG_WARN_DEPRECATED_OBJC_IMPLEMENTATIONS = YES;
				CLANG_WARN_DIRECT_OBJC_ISA_USAGE = YES_ERROR;
				CLANG_WARN_DOCUMENTATION_COMMENTS = YES;
				CLANG_WARN_EMPTY_BODY = YES;
				CLANG_WARN_ENUM_CONVERSION = YES;
				CLANG_WARN_INFINITE_RECURSION = YES;
				CLANG_WARN_INT_CONVERSION = YES;
				CLANG_WARN_NON_LITERAL_NULL_CONVERSION = YES;
				CLANG_WARN_OBJC_IMPLICIT_RETAIN_SELF = YES;
				CLANG_WARN_OBJC_LITERAL_CONVERSION = YES;
				CLANG_WARN_OBJC_ROOT_CLASS = YES_ERROR;
				CLANG_WARN_RANGE_LOOP_ANALYSIS = YES;
				CLANG_WARN_STRICT_PROTOTYPES = YES;
				CLANG_WARN_SUSPICIOUS_MOVE = YES;
				CLANG_WARN_UNGUARDED_AVAILABILITY = YES_AGGRESSIVE;
				CLANG_WARN_UNREACHABLE_CODE = YES;
				CLANG_WARN__DUPLICATE_METHOD_MATCH = YES;
				CODE_SIGN_IDENTITY = "-";
				COPY_PHASE_STRIP = NO;
				DEBUG_INFORMATION_FORMAT = "dwarf-with-dsym";
				ENABLE_NS_ASSERTIONS = NO;
				ENABLE_STRICT_OBJC_MSGSEND = YES;
				GCC_C_LANGUAGE_STANDARD = gnu11;
				GCC_NO_COMMON_BLOCKS = YES;
				GCC_WARN_64_TO_32_BIT_CONVERSION = YES;
				GCC_WARN_ABOUT_RETURN_TYPE = YES_ERROR;
				GCC_WARN_UNDECLARED_SELECTOR = YES;
				GCC_WARN_UNINITIALIZED_AUTOS = YES_AGGRESSIVE;
				GCC_WARN_UNUSED_FUNCTION = YES;
				GCC_WARN_UNUSED_VARIABLE = YES;
				MACOSX_DEPLOYMENT_TARGET = 10.14;
				MTL_ENABLE_DEBUG_INFO = NO;
				MTL_FAST_MATH = YES;
				SDKROOT = macosx;
			};
			name = Release;
		};
		4C790AC621846A2300C0ACF4 /* Debug */ = {
			isa = XCBuildConfiguration;
			buildSettings = {
				CODE_SIGN_STYLE = Automatic;
				PRODUCT_NAME = "$(TARGET_NAME)";
			};
			name = Debug;
		};
		4C790AC721846A2300C0ACF4 /* Release */ = {
			isa = XCBuildConfiguration;
			buildSettings = {
				CODE_SIGN_STYLE = Automatic;
				PRODUCT_NAME = "$(TARGET_NAME)";
			};
			name = Release;
		};
/* End XCBuildConfiguration section */

/* Begin XCConfigurationList section */
		4C790AB921846A2300C0ACF4 /* Build configuration list for PBXProject "DesignPatterns" */ = {
			isa = XCConfigurationList;
			buildConfigurations = (
				4C790AC321846A2300C0ACF4 /* Debug */,
				4C790AC421846A2300C0ACF4 /* Release */,
			);
			defaultConfigurationIsVisible = 0;
			defaultConfigurationName = Release;
		};
		4C790AC521846A2300C0ACF4 /* Build configuration list for PBXNativeTarget "DesignPatterns" */ = {
			isa = XCConfigurationList;
			buildConfigurations = (
				4C790AC621846A2300C0ACF4 /* Debug */,
				4C790AC721846A2300C0ACF4 /* Release */,
			);
			defaultConfigurationIsVisible = 0;
			defaultConfigurationName = Release;
		};
/* End XCConfigurationList section */
	};
	rootObject = 4C790AB621846A2300C0ACF4 /* Project object */;
}
